
Microsoft Visual Studio Solution File, Format Version 12.00
# Visual Studio Version 17
VisualStudioVersion = 17.8.34316.72
MinimumVisualStudioVersion = 10.0.40219.1
Project("{FAE04EC0-301F-11D3-BF4B-00C04F79EFBC}") = "APIMiniProject", "APIMiniProject\APIMiniProject.csproj", "{501EBE26-46D1-4670-B3D5-7DDAA6522F70}"
EndProject
Global
	GlobalSection(SolutionConfigurationPlatforms) = preSolution
		Debug|Any CPU = Debug|Any CPU
		Release|Any CPU = Release|Any CPU
	EndGlobalSection
	GlobalSection(ProjectConfigurationPlatforms) = postSolution
		{501EBE26-46D1-4670-B3D5-7DDAA6522F70}.Debug|Any CPU.ActiveCfg = Debug|Any CPU
		{501EBE26-46D1-4670-B3D5-7DDAA6522F70}.Debug|Any CPU.Build.0 = Debug|Any CPU
		{501EBE26-46D1-4670-B3D5-7DDAA6522F70}.Release|Any CPU.ActiveCfg = Release|Any CPU
		{501EBE26-46D1-4670-B3D5-7DDAA6522F70}.Release|Any CPU.Build.0 = Release|Any CPU
	EndGlobalSection
	GlobalSection(SolutionProperties) = preSolution
		HideSolutionNode = FALSE
	EndGlobalSection
	GlobalSection(ExtensibilityGlobals) = postSolution
		SolutionGuid = {FE66CEC5-DC03-4244-B968-C01F389458EF}
	EndGlobalSection
EndGlobal
